
Microsoft Visual Studio Solution File, Format Version 12.00
# Visual Studio Version 17
VisualStudioVersion = 17.5.002.0
MinimumVisualStudioVersion = 10.0.40219.1
Project("{9A19103F-16F7-4668-BE54-9A1E7A4F7556}") = "bibliotec", "bibliotec\bibliotec.csproj", "{C320B8A7-FD2F-422D-8F55-EF4383ECBF25}"
EndProject
Global
	GlobalSection(SolutionConfigurationPlatforms) = preSolution
		Debug|Any CPU = Debug|Any CPU
		Release|Any CPU = Release|Any CPU
	EndGlobalSection
	GlobalSection(ProjectConfigurationPlatforms) = postSolution
		{C320B8A7-FD2F-422D-8F55-EF4383ECBF25}.Debug|Any CPU.ActiveCfg = Debug|Any CPU
		{C320B8A7-FD2F-422D-8F55-EF4383ECBF25}.Debug|Any CPU.Build.0 = Debug|Any CPU
		{C320B8A7-FD2F-422D-8F55-EF4383ECBF25}.Release|Any CPU.ActiveCfg = Release|Any CPU
		{C320B8A7-FD2F-422D-8F55-EF4383ECBF25}.Release|Any CPU.Build.0 = Release|Any CPU
	EndGlobalSection
	GlobalSection(SolutionProperties) = preSolution
		HideSolutionNode = FALSE
	EndGlobalSection
	GlobalSection(ExtensibilityGlobals) = postSolution
		SolutionGuid = {375229DA-358F-4930-89CE-7465A42A0115}
	EndGlobalSection
EndGlobal
